
Microsoft Visual Studio Solution File, Format Version 12.00
# Visual Studio Version 16
VisualStudioVersion = 16.0.28803.352
MinimumVisualStudioVersion = 10.0.40219.1
Project("{FAE04EC0-301F-11D3-BF4B-00C04F79EFBC}") = "DrDone", "DrDone\DrDone.csproj", "{E270126B-CC72-4C00-BF1F-4CC45262FAD9}"
EndProject
Global
	GlobalSection(SolutionConfigurationPlatforms) = preSolution
		Debug|Any CPU = Debug|Any CPU
		Release|Any CPU = Release|Any CPU
	EndGlobalSection
	GlobalSection(ProjectConfigurationPlatforms) = postSolution
		{E270126B-CC72-4C00-BF1F-4CC45262FAD9}.Debug|Any CPU.ActiveCfg = Debug|Any CPU
		{E270126B-CC72-4C00-BF1F-4CC45262FAD9}.Debug|Any CPU.Build.0 = Debug|Any CPU
		{E270126B-CC72-4C00-BF1F-4CC45262FAD9}.Release|Any CPU.ActiveCfg = Release|Any CPU
		{E270126B-CC72-4C00-BF1F-4CC45262FAD9}.Release|Any CPU.Build.0 = Release|Any CPU
	EndGlobalSection
	GlobalSection(SolutionProperties) = preSolution
		HideSolutionNode = FALSE
	EndGlobalSection
	GlobalSection(ExtensibilityGlobals) = postSolution
		SolutionGuid = {E8C871CC-07CE-4CD5-81DF-3580C10E0D0E}
	EndGlobalSection
EndGlobal
